# This file is automatically @generated by Cargo.
# It is not intended for manual editing.
version = 3

[[package]]
name = "bytes"
version = "1.1.0"
source = "registry+https://github.com/rust-lang/crates.io-index"
checksum = "c4872d67bab6358e59559027aa3b9157c53d9358c51423c17554809a8858e0f8"

[[package]]
name = "cfg-if"
version = "1.0.0"
source = "registry+https://github.com/rust-lang/crates.io-index"
checksum = "baf1de4339761588bc0619e3cbc0120ee582ebb74b53b4efbf79117bd2da40fd"

[[package]]
name = "fnv"
version = "1.0.7"
source = "registry+https://github.com/rust-lang/crates.io-index"
checksum = "3f9eec918d3f24069decb9af1554cad7c880e2da24a9afd88aca000531ab82c1"

[[package]]
name = "futures-channel"
version = "0.3.21"
source = "registry+https://github.com/rust-lang/crates.io-index"
checksum = "c3083ce4b914124575708913bca19bfe887522d6e2e6d0952943f5eac4a74010"
dependencies = [
 "futures-core",
]

[[package]]
name = "futures-core"
version = "0.3.21"
source = "registry+https://github.com/rust-lang/crates.io-index"
checksum = "0c09fd04b7e4073ac7156a9539b57a484a8ea920f79c7c675d05d289ab6110d3"

[[package]]
name = "futures-macro"
version = "0.3.21"
source = "registry+https://github.com/rust-lang/crates.io-index"
checksum = "33c1e13800337f4d4d7a316bf45a567dbcb6ffe087f16424852d97e97a91f512"
dependencies = [
 "proc-macro2",
 "quote",
 "syn",
]

[[package]]
name = "futures-task"
version = "0.3.21"
source = "registry+https://github.com/rust-lang/crates.io-index"
checksum = "57c66a976bf5909d801bbef33416c41372779507e7a6b3a5e25e4749c58f776a"

[[package]]
name = "futures-util"
version = "0.3.21"
source = "registry+https://github.com/rust-lang/crates.io-index"
checksum = "d8b7abd5d659d9b90c8cba917f6ec750a74e2dc23902ef9cd4cc8c8b22e6036a"
dependencies = [
 "futures-core",
 "futures-macro",
 "futures-task",
 "pin-project-lite",
 "pin-utils",
 "slab",
]

[[package]]
name = "hermit-abi"
version = "0.1.19"
source = "registry+https://github.com/rust-lang/crates.io-index"
checksum = "62b467343b94ba476dcb2500d242dadbb39557df889310ac77c5d99100aaac33"
dependencies = [
 "libc",
]

[[package]]
name = "hex"
version = "0.4.3"
source = "registry+https://github.com/rust-lang/crates.io-index"
checksum = "7f24254aa9a54b5c858eaee2f5bccdb46aaf0e486a595ed5fd8f86ba55232a70"

[[package]]
name = "http"
version = "0.2.6"
source = "registry+https://github.com/rust-lang/crates.io-index"
checksum = "31f4c6746584866f0feabcc69893c5b51beef3831656a968ed7ae254cdc4fd03"
dependencies = [
 "bytes",
 "fnv",
 "itoa",
]

[[package]]
name = "http-body"
version = "0.4.4"
source = "registry+https://github.com/rust-lang/crates.io-index"
checksum = "1ff4f84919677303da5f147645dbea6b1881f368d03ac84e1dc09031ebd7b2c6"
dependencies = [
 "bytes",
 "http",
 "pin-project-lite",
]

[[package]]
name = "httparse"
version = "1.6.0"
source = "registry+https://github.com/rust-lang/crates.io-index"
checksum = "9100414882e15fb7feccb4897e5f0ff0ff1ca7d1a86a23208ada4d7a18e6c6c4"

[[package]]
name = "httpdate"
version = "1.0.2"
source = "registry+https://github.com/rust-lang/crates.io-index"
checksum = "c4a1e36c821dbe04574f602848a19f742f4fb3c98d40449f11bcad18d6b17421"

[[package]]
name = "hyper"
version = "0.14.17"
source = "registry+https://github.com/rust-lang/crates.io-index"
checksum = "043f0e083e9901b6cc658a77d1eb86f4fc650bbb977a4337dd63192826aa85dd"
dependencies = [
 "bytes",
 "futures-channel",
 "futures-core",
 "futures-util",
 "http",
 "http-body",
 "httparse",
 "httpdate",
 "itoa",
 "pin-project-lite",
 "socket2",
 "tokio",
 "tower-service",
 "tracing",
 "want",
]

[[package]]
name = "hyperlocal"
version = "0.8.0"
source = "registry+https://github.com/rust-lang/crates.io-index"
checksum = "0fafdf7b2b2de7c9784f76e02c0935e65a8117ec3b768644379983ab333ac98c"
dependencies = [
 "futures-util",
 "hex",
 "hyper",
 "pin-project",
 "tokio",
]

[[package]]
name = "itoa"
version = "1.0.1"
source = "registry+https://github.com/rust-lang/crates.io-index"
checksum = "1aab8fc367588b89dcee83ab0fd66b72b50b72fa1904d7095045ace2b0c81c35"

[[package]]
name = "lazy_static"
version = "1.4.0"
source = "registry+https://github.com/rust-lang/crates.io-index"
checksum = "e2abad23fbc42b3700f2f279844dc832adb2b2eb069b2df918f455c4e18cc646"

[[package]]
name = "libc"
version = "0.2.119"
source = "registry+https://github.com/rust-lang/crates.io-index"
checksum = "1bf2e165bb3457c8e098ea76f3e3bc9db55f87aa90d52d0e6be741470916aaa4"

[[package]]
name = "log"
version = "0.4.14"
source = "registry+https://github.com/rust-lang/crates.io-index"
checksum = "51b9bbe6c47d51fc3e1a9b945965946b4c44142ab8792c50835a980d362c2710"
dependencies = [
 "cfg-if",
]

[[package]]
name = "memchr"
version = "2.4.1"
source = "registry+https://github.com/rust-lang/crates.io-index"
checksum = "308cc39be01b73d0d18f82a0e7b2a3df85245f84af96fdddc5d202d27e47b86a"

[[package]]
name = "mio"
version = "0.8.0"
source = "registry+https://github.com/rust-lang/crates.io-index"
checksum = "ba272f85fa0b41fc91872be579b3bbe0f56b792aa361a380eb669469f68dafb2"
dependencies = [
 "libc",
 "log",
 "miow",
 "ntapi",
 "winapi",
]

[[package]]
name = "miow"
version = "0.3.7"
source = "registry+https://github.com/rust-lang/crates.io-index"
checksum = "b9f1c5b025cda876f66ef43a113f91ebc9f4ccef34843000e0adf6ebbab84e21"
dependencies = [
 "winapi",
]

[[package]]
name = "ntapi"
version = "0.3.7"
source = "registry+https://github.com/rust-lang/crates.io-index"
checksum = "c28774a7fd2fbb4f0babd8237ce554b73af68021b5f695a3cebd6c59bac0980f"
dependencies = [
 "winapi",
]

[[package]]
name = "num_cpus"
version = "1.13.1"
source = "registry+https://github.com/rust-lang/crates.io-index"
checksum = "19e64526ebdee182341572e50e9ad03965aa510cd94427a4549448f285e957a1"
dependencies = [
 "hermit-abi",
 "libc",
]

[[package]]
name = "pin-project"
version = "1.0.10"
source = "registry+https://github.com/rust-lang/crates.io-index"
checksum = "58ad3879ad3baf4e44784bc6a718a8698867bb991f8ce24d1bcbe2cfb4c3a75e"
dependencies = [
 "pin-project-internal",
]

[[package]]
name = "pin-project-internal"
version = "1.0.10"
source = "registry+https://github.com/rust-lang/crates.io-index"
checksum = "744b6f092ba29c3650faf274db506afd39944f48420f6c86b17cfe0ee1cb36bb"
dependencies = [
 "proc-macro2",
 "quote",
 "syn",
]

[[package]]
name = "pin-project-lite"
version = "0.2.8"
source = "registry+https://github.com/rust-lang/crates.io-index"
checksum = "e280fbe77cc62c91527259e9442153f4688736748d24660126286329742b4c6c"

[[package]]
name = "pin-utils"
version = "0.1.0"
source = "registry+https://github.com/rust-lang/crates.io-index"
checksum = "8b870d8c151b6f2fb93e84a13146138f05d02ed11c7e7c54f8826aaaf7c9f184"

[[package]]
name = "proc-macro2"
version = "1.0.36"
source = "registry+https://github.com/rust-lang/crates.io-index"
checksum = "c7342d5883fbccae1cc37a2353b09c87c9b0f3afd73f5fb9bba687a1f733b029"
dependencies = [
 "unicode-xid",
]

[[package]]
name = "pushpin-healthcheck"
version = "0.1.0"
dependencies = [
 "hyper",
 "hyperlocal",
 "tokio",
]

[[package]]
name = "quote"
version = "1.0.15"
source = "registry+https://github.com/rust-lang/crates.io-index"
checksum = "864d3e96a899863136fc6e99f3d7cae289dafe43bf2c5ac19b70df7210c0a145"
dependencies = [
 "proc-macro2",
]

[[package]]
name = "slab"
version = "0.4.5"
source = "registry+https://github.com/rust-lang/crates.io-index"
checksum = "9def91fd1e018fe007022791f865d0ccc9b3a0d5001e01aabb8b40e46000afb5"

[[package]]
name = "socket2"
version = "0.4.4"
source = "registry+https://github.com/rust-lang/crates.io-index"
checksum = "66d72b759436ae32898a2af0a14218dbf55efde3feeb170eb623637db85ee1e0"
dependencies = [
 "libc",
 "winapi",
]

[[package]]
name = "syn"
version = "1.0.86"
source = "registry+https://github.com/rust-lang/crates.io-index"
checksum = "8a65b3f4ffa0092e9887669db0eae07941f023991ab58ea44da8fe8e2d511c6b"
dependencies = [
 "proc-macro2",
 "quote",
 "unicode-xid",
]

[[package]]
name = "tokio"
version = "1.17.0"
source = "registry+https://github.com/rust-lang/crates.io-index"
checksum = "2af73ac49756f3f7c01172e34a23e5d0216f6c32333757c2c61feb2bbff5a5ee"
dependencies = [
 "bytes",
 "libc",
 "memchr",
 "mio",
 "num_cpus",
 "pin-project-lite",
 "socket2",
 "tokio-macros",
 "winapi",
]

[[package]]
name = "tokio-macros"
version = "1.7.0"
source = "registry+https://github.com/rust-lang/crates.io-index"
checksum = "b557f72f448c511a979e2564e55d74e6c4432fc96ff4f6241bc6bded342643b7"
dependencies = [
 "proc-macro2",
 "quote",
 "syn",
]

[[package]]
name = "tower-service"
version = "0.3.1"
source = "registry+https://github.com/rust-lang/crates.io-index"
checksum = "360dfd1d6d30e05fda32ace2c8c70e9c0a9da713275777f5a4dbb8a1893930c6"

[[package]]
name = "tracing"
version = "0.1.31"
source = "registry+https://github.com/rust-lang/crates.io-index"
checksum = "f6c650a8ef0cd2dd93736f033d21cbd1224c5a967aa0c258d00fcf7dafef9b9f"
dependencies = [
 "cfg-if",
 "pin-project-lite",
 "tracing-core",
]

[[package]]
name = "tracing-core"
version = "0.1.22"
source = "registry+https://github.com/rust-lang/crates.io-index"
checksum = "03cfcb51380632a72d3111cb8d3447a8d908e577d31beeac006f836383d29a23"
dependencies = [
 "lazy_static",
]

[[package]]
name = "try-lock"
version = "0.2.3"
source = "registry+https://github.com/rust-lang/crates.io-index"
checksum = "59547bce71d9c38b83d9c0e92b6066c4253371f15005def0c30d9657f50c7642"

[[package]]
name = "unicode-xid"
version = "0.2.2"
source = "registry+https://github.com/rust-lang/crates.io-index"
checksum = "8ccb82d61f80a663efe1f787a51b16b5a51e3314d6ac365b08639f52387b33f3"

[[package]]
name = "want"
version = "0.3.0"
source = "registry+https://github.com/rust-lang/crates.io-index"
checksum = "1ce8a968cb1cd110d136ff8b819a556d6fb6d919363c61534f6860c7eb172ba0"
dependencies = [
 "log",
 "try-lock",
]

[[package]]
name = "winapi"
version = "0.3.9"
source = "registry+https://github.com/rust-lang/crates.io-index"
checksum = "5c839a674fcd7a98952e593242ea400abe93992746761e38641405d28b00f419"
dependencies = [
 "winapi-i686-pc-windows-gnu",
 "winapi-x86_64-pc-windows-gnu",
]

[[package]]
name = "winapi-i686-pc-windows-gnu"
version = "0.4.0"
source = "registry+https://github.com/rust-lang/crates.io-index"
checksum = "ac3b87c63620426dd9b991e5ce0329eff545bccbbb34f3be09ff6fb6ab51b7b6"

[[package]]
name = "winapi-x86_64-pc-windows-gnu"
version = "0.4.0"
source = "registry+https://github.com/rust-lang/crates.io-index"
checksum = "712e227841d057c1ee1cd2fb22fa7e5a5461ae8e48fa2ca79ec42cfc1931183f"
